
Microsoft Visual Studio Solution File, Format Version 12.00
# Visual Studio Version 17
VisualStudioVersion = 17.7.34202.233
MinimumVisualStudioVersion = 10.0.40219.1
Project("{2150E333-8FDC-42A3-9474-1A3956D46DE8}") = "90 Presentation", "90 Presentation", "{63B5E9F8-C7E1-49BD-94A5-53334831B208}"
EndProject
Project("{9A19103F-16F7-4668-BE54-9A1E7A4F7556}") = "XmasBlazor.Server", "XmasDevBlazor\Server\XmasBlazor.Server.csproj", "{99DB7396-8603-4878-8140-0E65063B1751}"
EndProject
Project("{9A19103F-16F7-4668-BE54-9A1E7A4F7556}") = "XmasBlazor.Client", "XmasDevBlazor\Client\XmasBlazor.Client.csproj", "{729029A9-6CC2-434E-88C6-A1755B4038BB}"
EndProject
Project("{2150E333-8FDC-42A3-9474-1A3956D46DE8}") = "60 Modules", "60 Modules", "{DECC24C8-E4EB-47C8-9C55-FAF044C310AC}"
EndProject
Project("{2150E333-8FDC-42A3-9474-1A3956D46DE8}") = "30 Shared", "30 Shared", "{EB8BDBAF-5647-4F75-9AD4-4D689B2130B3}"
EndProject
Project("{9A19103F-16F7-4668-BE54-9A1E7A4F7556}") = "XmasBlazor.Shared", "XmasBlazor.Shared\XmasBlazor.Shared.csproj", "{33135A31-7941-461A-BE0B-467335CA8AE7}"
EndProject
Project("{2150E333-8FDC-42A3-9474-1A3956D46DE8}") = "Before", "Before", "{68D690C7-95F8-473A-82DC-0491F01D02FC}"
EndProject
Project("{FAE04EC0-301F-11D3-BF4B-00C04F79EFBC}") = "XmasBlazor.Modules.Before", "XmasBlazor.Modules.Before\XmasBlazor.Modules.Before.csproj", "{6AB6E783-45F4-4934-B702-FC264F7AA86B}"
EndProject
Project("{2150E333-8FDC-42A3-9474-1A3956D46DE8}") = "After", "After", "{F621AF8C-0FD2-4794-B23C-A66FFDA60929}"
EndProject
Project("{FAE04EC0-301F-11D3-BF4B-00C04F79EFBC}") = "XmasBlazor.Modules.After", "XmasBlazor.Modules.After\XmasBlazor.Modules.After.csproj", "{1C9B3CA8-7505-49A6-A30E-7CEAC4D554C0}"
EndProject
Global
	GlobalSection(SolutionConfigurationPlatforms) = preSolution
		Debug|Any CPU = Debug|Any CPU
		Release|Any CPU = Release|Any CPU
	EndGlobalSection
	GlobalSection(ProjectConfigurationPlatforms) = postSolution
		{99DB7396-8603-4878-8140-0E65063B1751}.Debug|Any CPU.ActiveCfg = Debug|Any CPU
		{99DB7396-8603-4878-8140-0E65063B1751}.Debug|Any CPU.Build.0 = Debug|Any CPU
		{99DB7396-8603-4878-8140-0E65063B1751}.Release|Any CPU.ActiveCfg = Release|Any CPU
		{99DB7396-8603-4878-8140-0E65063B1751}.Release|Any CPU.Build.0 = Release|Any CPU
		{729029A9-6CC2-434E-88C6-A1755B4038BB}.Debug|Any CPU.ActiveCfg = Debug|Any CPU
		{729029A9-6CC2-434E-88C6-A1755B4038BB}.Debug|Any CPU.Build.0 = Debug|Any CPU
		{729029A9-6CC2-434E-88C6-A1755B4038BB}.Release|Any CPU.ActiveCfg = Release|Any CPU
		{729029A9-6CC2-434E-88C6-A1755B4038BB}.Release|Any CPU.Build.0 = Release|Any CPU
		{33135A31-7941-461A-BE0B-467335CA8AE7}.Debug|Any CPU.ActiveCfg = Debug|Any CPU
		{33135A31-7941-461A-BE0B-467335CA8AE7}.Debug|Any CPU.Build.0 = Debug|Any CPU
		{33135A31-7941-461A-BE0B-467335CA8AE7}.Release|Any CPU.ActiveCfg = Release|Any CPU
		{33135A31-7941-461A-BE0B-467335CA8AE7}.Release|Any CPU.Build.0 = Release|Any CPU
		{6AB6E783-45F4-4934-B702-FC264F7AA86B}.Debug|Any CPU.ActiveCfg = Debug|Any CPU
		{6AB6E783-45F4-4934-B702-FC264F7AA86B}.Debug|Any CPU.Build.0 = Debug|Any CPU
		{6AB6E783-45F4-4934-B702-FC264F7AA86B}.Release|Any CPU.ActiveCfg = Release|Any CPU
		{6AB6E783-45F4-4934-B702-FC264F7AA86B}.Release|Any CPU.Build.0 = Release|Any CPU
		{1C9B3CA8-7505-49A6-A30E-7CEAC4D554C0}.Debug|Any CPU.ActiveCfg = Debug|Any CPU
		{1C9B3CA8-7505-49A6-A30E-7CEAC4D554C0}.Debug|Any CPU.Build.0 = Debug|Any CPU
		{1C9B3CA8-7505-49A6-A30E-7CEAC4D554C0}.Release|Any CPU.ActiveCfg = Release|Any CPU
		{1C9B3CA8-7505-49A6-A30E-7CEAC4D554C0}.Release|Any CPU.Build.0 = Release|Any CPU
	EndGlobalSection
	GlobalSection(SolutionProperties) = preSolution
		HideSolutionNode = FALSE
	EndGlobalSection
	GlobalSection(NestedProjects) = preSolution
		{99DB7396-8603-4878-8140-0E65063B1751} = {63B5E9F8-C7E1-49BD-94A5-53334831B208}
		{729029A9-6CC2-434E-88C6-A1755B4038BB} = {63B5E9F8-C7E1-49BD-94A5-53334831B208}
		{33135A31-7941-461A-BE0B-467335CA8AE7} = {EB8BDBAF-5647-4F75-9AD4-4D689B2130B3}
		{68D690C7-95F8-473A-82DC-0491F01D02FC} = {DECC24C8-E4EB-47C8-9C55-FAF044C310AC}
		{6AB6E783-45F4-4934-B702-FC264F7AA86B} = {68D690C7-95F8-473A-82DC-0491F01D02FC}
		{F621AF8C-0FD2-4794-B23C-A66FFDA60929} = {DECC24C8-E4EB-47C8-9C55-FAF044C310AC}
		{1C9B3CA8-7505-49A6-A30E-7CEAC4D554C0} = {F621AF8C-0FD2-4794-B23C-A66FFDA60929}
	EndGlobalSection
	GlobalSection(ExtensibilityGlobals) = postSolution
		SolutionGuid = {E5E9FFE5-AF4D-4921-98E9-139DA6ECDB6F}
	EndGlobalSection
EndGlobal
